
Microsoft Visual Studio Solution File, Format Version 12.00
# Visual Studio Version 16
VisualStudioVersion = 16.0.30320.27
MinimumVisualStudioVersion = 10.0.40219.1
Project("{FAE04EC0-301F-11D3-BF4B-00C04F79EFBC}") = "Erm", "Erm.csproj", "{C0C8DFC1-F9A8-4AB7-AF1B-5AA6EB984BC5}"
EndProject
Project("{FAE04EC0-301F-11D3-BF4B-00C04F79EFBC}") = "ErmMvc", "..\ErmMvc\ErmMvc.csproj", "{6DE32A86-617E-4D7A-8981-6A2E92B7BD6E}"
EndProject
Global
	GlobalSection(SolutionConfigurationPlatforms) = preSolution
		Debug|Any CPU = Debug|Any CPU
		Release|Any CPU = Release|Any CPU
	EndGlobalSection
	GlobalSection(ProjectConfigurationPlatforms) = postSolution
		{C0C8DFC1-F9A8-4AB7-AF1B-5AA6EB984BC5}.Debug|Any CPU.ActiveCfg = Debug|Any CPU
		{C0C8DFC1-F9A8-4AB7-AF1B-5AA6EB984BC5}.Debug|Any CPU.Build.0 = Debug|Any CPU
		{C0C8DFC1-F9A8-4AB7-AF1B-5AA6EB984BC5}.Release|Any CPU.ActiveCfg = Release|Any CPU
		{C0C8DFC1-F9A8-4AB7-AF1B-5AA6EB984BC5}.Release|Any CPU.Build.0 = Release|Any CPU
		{6DE32A86-617E-4D7A-8981-6A2E92B7BD6E}.Debug|Any CPU.ActiveCfg = Debug|Any CPU
		{6DE32A86-617E-4D7A-8981-6A2E92B7BD6E}.Debug|Any CPU.Build.0 = Debug|Any CPU
		{6DE32A86-617E-4D7A-8981-6A2E92B7BD6E}.Release|Any CPU.ActiveCfg = Release|Any CPU
		{6DE32A86-617E-4D7A-8981-6A2E92B7BD6E}.Release|Any CPU.Build.0 = Release|Any CPU
	EndGlobalSection
	GlobalSection(SolutionProperties) = preSolution
		HideSolutionNode = FALSE
	EndGlobalSection
	GlobalSection(ExtensibilityGlobals) = postSolution
		SolutionGuid = {FDFE3B58-50C2-4831-885B-8FA8C4F67C25}
	EndGlobalSection
EndGlobal
